Microsoft Visual Studio Solution File, Format Version 12.00
# Visual Studio Version 17
VisualStudioVersion = 17.5.2.0
MinimumVisualStudioVersion = 10.0.40219.1
Project("{FAE04EC0-301F-11D3-BF4B-00C04F79EFBC}") = "MyTelegramApp", "MyTelegramApp.csproj", "{D7ABDC84-6142-A75E-F4BB-DD438967E358}"
EndProject
Global
	GlobalSection(SolutionConfigurationPlatforms) = preSolution
		Debug|Any CPU = Debug|Any CPU
		Release|Any CPU = Release|Any CPU
	EndGlobalSection
	GlobalSection(ProjectConfigurationPlatforms) = postSolution
		{D7ABDC84-6142-A75E-F4BB-DD438967E358}.Debug|Any CPU.ActiveCfg = Debug|Any CPU
		{D7ABDC84-6142-A75E-F4BB-DD438967E358}.Debug|Any CPU.Build.0 = Debug|Any CPU
		{D7ABDC84-6142-A75E-F4BB-DD438967E358}.Release|Any CPU.ActiveCfg = Release|Any CPU
		{D7ABDC84-6142-A75E-F4BB-DD438967E358}.Release|Any CPU.Build.0 = Release|Any CPU
	EndGlobalSection
	GlobalSection(SolutionProperties) = preSolution
		HideSolutionNode = FALSE
	EndGlobalSection
	GlobalSection(ExtensibilityGlobals) = postSolution
		SolutionGuid = {38A5335B-B6BE-424E-96D0-C17F537BFD05}
	EndGlobalSection
EndGlobal
